
Microsoft Visual Studio Solution File, Format Version 12.00
# Visual Studio 2013
VisualStudioVersion = 12.0.31101.0
MinimumVisualStudioVersion = 10.0.40219.1
Project("{FAE04EC0-301F-11D3-BF4B-00C04F79EFBC}") = "ACE_Side-scrolling", "ACE_Side-scrolling\ACE_Side-scrolling.csproj", "{15A92E21-8CA1-4E30-ACA4-E75EC86BC6BC}"
EndProject
Global
	GlobalSection(SolutionConfigurationPlatforms) = preSolution
		Debug|x86 = Debug|x86
		Release|x86 = Release|x86
	EndGlobalSection
	GlobalSection(ProjectConfigurationPlatforms) = postSolution
		{15A92E21-8CA1-4E30-ACA4-E75EC86BC6BC}.Debug|x86.ActiveCfg = Debug|x86
		{15A92E21-8CA1-4E30-ACA4-E75EC86BC6BC}.Debug|x86.Build.0 = Debug|x86
		{15A92E21-8CA1-4E30-ACA4-E75EC86BC6BC}.Release|x86.ActiveCfg = Release|x86
		{15A92E21-8CA1-4E30-ACA4-E75EC86BC6BC}.Release|x86.Build.0 = Release|x86
	EndGlobalSection
	GlobalSection(SolutionProperties) = preSolution
		HideSolutionNode = FALSE
	EndGlobalSection
EndGlobal
